{
  "nodes": {
    "nixpkgs": {
      "locked": {
        "lastModified": 1683205728,
        "narHash": "sha256-WF63FGzW3F3MHsUYkqbPyXrJgNR+gNOMAZDNoP5LYWE=",
        "owner": "NixOS",
        "repo": "nixpkgs",
        "rev": "f73acb5733244d0740c8181af30a58912427f5c6",
        "type": "github"
      },
      "original": {
        "owner": "NixOS",
        "ref": "nixpkgs-unstable",
        "repo": "nixpkgs",
        "type": "github"
      }
    },
    "root": {
      "inputs": {
        "nixpkgs": "nixpkgs"
      }
    }
  },
  "root": "root",
  "version": 7
}
