{
  "nodes": {
    "nixpkgs": {
      "locked": {
        "lastModified": 1670587192,
        "narHash": "sha256-h3DHD2WBddfZxRuceYBa54JZKF1z8O8dtYNZK5UvP/4=",
        "owner": "NixOS",
        "repo": "nixpkgs",
        "rev": "aaac4123e3e33e779af54361a244857d029a64dd",
        "type": "github"
      },
      "original": {
        "owner": "NixOS",
        "ref": "nixpkgs-unstable",
        "repo": "nixpkgs",
        "type": "github"
      }
    },
    "root": {
      "inputs": {
        "nixpkgs": "nixpkgs"
      }
    }
  },
  "root": "root",
  "version": 7
}
